// !$*UTF8*$!
{
	archiveVersion = 1;
	classes = {
	};
	objectVersion = 46;
	objects = {

/* Begin PBXBuildFile section */
		086384C2862989AD76E4DED6 /* Pods_DYZB.framework in Frameworks */ = {isa = PBXBuildFile; fileRef = 15AFFA119A132A60C594E146 /* Pods_DYZB.framework */; };
		6E0A80171DAA5B1A00F97354 /* ZPNormalCell.swift in Sources */ = {isa = PBXBuildFile; fileRef = 6E0A80151DAA5B1A00F97354 /* ZPNormalCell.swift */; };
		6E0A80181DAA5B1A00F97354 /* ZPNormalCell.xib in Resources */ = {isa = PBXBuildFile; fileRef = 6E0A80161DAA5B1A00F97354 /* ZPNormalCell.xib */; };
		6E0A801B1DAA5B4100F97354 /* ZPPrettyCell.swift in Sources */ = {isa = PBXBuildFile; fileRef = 6E0A80191DAA5B4100F97354 /* ZPPrettyCell.swift */; };
		6E0A801C1DAA5B4100F97354 /* ZPPrettyCell.xib in Resources */ = {isa = PBXBuildFile; fileRef = 6E0A801A1DAA5B4100F97354 /* ZPPrettyCell.xib */; };
		6E0A801F1DAA5B9900F97354 /* ZPHeaderView.swift in Sources */ = {isa = PBXBuildFile; fileRef = 6E0A801D1DAA5B9900F97354 /* ZPHeaderView.swift */; };
		6E0A80201DAA5B9900F97354 /* ZPHeaderView.xib in Resources */ = {isa = PBXBuildFile; fileRef = 6E0A801E1DAA5B9900F97354 /* ZPHeaderView.xib */; };
		6E2A0D861DA3D66F00083099 /* UIBarButtonItem.swift in Sources */ = {isa = PBXBuildFile; fileRef = 6E2A0D851DA3D66F00083099 /* UIBarButtonItem.swift */; };
		6E2A0D881DA3F54000083099 /* UIColor.swift in Sources */ = {isa = PBXBuildFile; fileRef = 6E2A0D871DA3F54000083099 /* UIColor.swift */; };
		6E2A0D8A1DA3FA8A00083099 /* ZPPageTitleView.swift in Sources */ = {isa = PBXBuildFile; fileRef = 6E2A0D891DA3FA8A00083099 /* ZPPageTitleView.swift */; };
		6E8AF07D1DA9295800CE6C78 /* ZPNetworkTool.swift in Sources */ = {isa = PBXBuildFile; fileRef = 6E8AF07C1DA9295800CE6C78 /* ZPNetworkTool.swift */; };
		6E8AF07F1DA93F6F00CE6C78 /* ZPCycleView.swift in Sources */ = {isa = PBXBuildFile; fileRef = 6E8AF07E1DA93F6F00CE6C78 /* ZPCycleView.swift */; };
		6E8AF0811DA9459900CE6C78 /* ZPGameView.swift in Sources */ = {isa = PBXBuildFile; fileRef = 6E8AF0801DA9459900CE6C78 /* ZPGameView.swift */; };
		6E8EA64E1DA38E2B00FA523C /* ZPLiveViewCtrl.swift in Sources */ = {isa = PBXBuildFile; fileRef = 6E8EA64D1DA38E2B00FA523C /* ZPLiveViewCtrl.swift */; };
		6E8EA6501DA38E4C00FA523C /* ZPFollowViewCtrl.swift in Sources */ = {isa = PBXBuildFile; fileRef = 6E8EA64F1DA38E4C00FA523C /* ZPFollowViewCtrl.swift */; };
		6E8EA6521DA38E6400FA523C /* ZPProfileViewCtrl.swift in Sources */ = {isa = PBXBuildFile; fileRef = 6E8EA6511DA38E6400FA523C /* ZPProfileViewCtrl.swift */; };
		6E8FF3E51D9FBD3500AA96EB /* AppDelegate.swift in Sources */ = {isa = PBXBuildFile; fileRef = 6E8FF3E41D9FBD3500AA96EB /* AppDelegate.swift */; };
		6E8FF3EC1D9FBD3500AA96EB /* Assets.xcassets in Resources */ = {isa = PBXBuildFile; fileRef = 6E8FF3EB1D9FBD3500AA96EB /* Assets.xcassets */; };
		6EA917681DA912EC0052D93E /* ZPRecommendVC.swift in Sources */ = {isa = PBXBuildFile; fileRef = 6EA917671DA912EC0052D93E /* ZPRecommendVC.swift */; };
		6EA9176A1DA913B30052D93E /* ZPHomeViewCtrl.swift in Sources */ = {isa = PBXBuildFile; fileRef = 6EA917691DA913B30052D93E /* ZPHomeViewCtrl.swift */; };
		6EC7439C1D9FFD03006501D6 /* ZPMainTabBarCtrl.swift in Sources */ = {isa = PBXBuildFile; fileRef = 6EC7439B1D9FFD03006501D6 /* ZPMainTabBarCtrl.swift */; };
		6EC7439E1D9FFF84006501D6 /* ZPCommon.swift in Sources */ = {isa = PBXBuildFile; fileRef = 6EC7439D1D9FFF84006501D6 /* ZPCommon.swift */; };
		6EC743A11DA0009C006501D6 /* UIView.swift in Sources */ = {isa = PBXBuildFile; fileRef = 6EC743A01DA0009C006501D6 /* UIView.swift */; };
		6EC916FB1DA6A8D900F696A5 /* ZPPageView.swift in Sources */ = {isa = PBXBuildFile; fileRef = 6EC916FA1DA6A8D900F696A5 /* ZPPageView.swift */; };
/* End PBXBuildFile section */

/* Begin PBXFileReference section */
		15AFFA119A132A60C594E146 /* Pods_DYZB.framework */ = {isa = PBXFileReference; explicitFileType = wrapper.framework; includeInIndex = 0; path = Pods_DYZB.framework; sourceTree = BUILT_PRODUCTS_DIR; };
		6E0A80151DAA5B1A00F97354 /* ZPNormalCell.swift */ = {isa = PBXFileReference; fileEncoding = 4; lastKnownFileType = sourcecode.swift; path = ZPNormalCell.swift; sourceTree = "<group>"; };
		6E0A80161DAA5B1A00F97354 /* ZPNormalCell.xib */ = {isa = PBXFileReference; fileEncoding = 4; lastKnownFileType = file.xib; path = ZPNormalCell.xib; sourceTree = "<group>"; };
		6E0A80191DAA5B4100F97354 /* ZPPrettyCell.swift */ = {isa = PBXFileReference; fileEncoding = 4; lastKnownFileType = sourcecode.swift; path = ZPPrettyCell.swift; sourceTree = "<group>"; };
		6E0A801A1DAA5B4100F97354 /* ZPPrettyCell.xib */ = {isa = PBXFileReference; fileEncoding = 4; lastKnownFileType = file.xib; path = ZPPrettyCell.xib; sourceTree = "<group>"; };
		6E0A801D1DAA5B9900F97354 /* ZPHeaderView.swift */ = {isa = PBXFileReference; fileEncoding = 4; lastKnownFileType = sourcecode.swift; path = ZPHeaderView.swift; sourceTree = "<group>"; };
		6E0A801E1DAA5B9900F97354 /* ZPHeaderView.xib */ = {isa = PBXFileReference; fileEncoding = 4; lastKnownFileType = file.xib; path = ZPHeaderView.xib; sourceTree = "<group>"; };
		6E2A0D851DA3D66F00083099 /* UIBarButtonItem.swift */ = {isa = PBXFileReference; fileEncoding = 4; lastKnownFileType = sourcecode.swift; path = UIBarButtonItem.swift; sourceTree = "<group>"; };
		6E2A0D871DA3F54000083099 /* UIColor.swift */ = {isa = PBXFileReference; fileEncoding = 4; lastKnownFileType = sourcecode.swift; path = UIColor.swift; sourceTree = "<group>"; };
		6E2A0D891DA3FA8A00083099 /* ZPPageTitleView.swift */ = {isa = PBXFileReference; fileEncoding = 4; lastKnownFileType = sourcecode.swift; path = ZPPageTitleView.swift; sourceTree = "<group>"; };
		6E8AF07C1DA9295800CE6C78 /* ZPNetworkTool.swift */ = {isa = PBXFileReference; fileEncoding = 4; lastKnownFileType = sourcecode.swift; path = ZPNetworkTool.swift; sourceTree = "<group>"; };
		6E8AF07E1DA93F6F00CE6C78 /* ZPCycleView.swift */ = {isa = PBXFileReference; fileEncoding = 4; lastKnownFileType = sourcecode.swift; path = ZPCycleView.swift; sourceTree = "<group>"; };
		6E8AF0801DA9459900CE6C78 /* ZPGameView.swift */ = {isa = PBXFileReference; fileEncoding = 4; lastKnownFileType = sourcecode.swift; path = ZPGameView.swift; sourceTree = "<group>"; };
		6E8EA64D1DA38E2B00FA523C /* ZPLiveViewCtrl.swift */ = {isa = PBXFileReference; fileEncoding = 4; lastKnownFileType = sourcecode.swift; path = ZPLiveViewCtrl.swift; sourceTree = "<group>"; };
		6E8EA64F1DA38E4C00FA523C /* ZPFollowViewCtrl.swift */ = {isa = PBXFileReference; fileEncoding = 4; lastKnownFileType = sourcecode.swift; path = ZPFollowViewCtrl.swift; sourceTree = "<group>"; };
		6E8EA6511DA38E6400FA523C /* ZPProfileViewCtrl.swift */ = {isa = PBXFileReference; fileEncoding = 4; lastKnownFileType = sourcecode.swift; path = ZPProfileViewCtrl.swift; sourceTree = "<group>"; };
		6E8FF3E11D9FBD3500AA96EB /* DYZB.app */ = {isa = PBXFileReference; explicitFileType = wrapper.application; includeInIndex = 0; path = DYZB.app; sourceTree = BUILT_PRODUCTS_DIR; };
		6E8FF3E41D9FBD3500AA96EB /* AppDelegate.swift */ = {isa = PBXFileReference; lastKnownFileType = sourcecode.swift; path = AppDelegate.swift; sourceTree = "<group>"; };
		6E8FF3EB1D9FBD3500AA96EB /* Assets.xcassets */ = {isa = PBXFileReference; lastKnownFileType = folder.assetcatalog; path = Assets.xcassets; sourceTree = "<group>"; };
		6E8FF3F01D9FBD3500AA96EB /* Info.plist */ = {isa = PBXFileReference; lastKnownFileType = text.plist.xml; path = Info.plist; sourceTree = "<group>"; };
		6EA917671DA912EC0052D93E /* ZPRecommendVC.swift */ = {isa = PBXFileReference; fileEncoding = 4; lastKnownFileType = sourcecode.swift; path = ZPRecommendVC.swift; sourceTree = "<group>"; };
		6EA917691DA913B30052D93E /* ZPHomeViewCtrl.swift */ = {isa = PBXFileReference; fileEncoding = 4; lastKnownFileType = sourcecode.swift; path = ZPHomeViewCtrl.swift; sourceTree = "<group>"; };
		6EC7439B1D9FFD03006501D6 /* ZPMainTabBarCtrl.swift */ = {isa = PBXFileReference; fileEncoding = 4; lastKnownFileType = sourcecode.swift; path = ZPMainTabBarCtrl.swift; sourceTree = "<group>"; };
		6EC7439D1D9FFF84006501D6 /* ZPCommon.swift */ = {isa = PBXFileReference; fileEncoding = 4; lastKnownFileType = sourcecode.swift; path = ZPCommon.swift; sourceTree = "<group>"; };
		6EC743A01DA0009C006501D6 /* UIView.swift */ = {isa = PBXFileReference; fileEncoding = 4; lastKnownFileType = sourcecode.swift; path = UIView.swift; sourceTree = "<group>"; };
		6EC916FA1DA6A8D900F696A5 /* ZPPageView.swift */ = {isa = PBXFileReference; fileEncoding = 4; lastKnownFileType = sourcecode.swift; path = ZPPageView.swift; sourceTree = "<group>"; };
		78E4CECC3AA5711A8E699277 /* Pods-DYZB.release.xcconfig */ = {isa = PBXFileReference; includeInIndex = 1; lastKnownFileType = text.xcconfig; name = "Pods-DYZB.release.xcconfig"; path = "Pods/Target Support Files/Pods-DYZB/Pods-DYZB.release.xcconfig"; sourceTree = "<group>"; };
		F07317E41867F0E8DA04F143 /* Pods-DYZB.debug.xcconfig */ = {isa = PBXFileReference; includeInIndex = 1; lastKnownFileType = text.xcconfig; name = "Pods-DYZB.debug.xcconfig"; path = "Pods/Target Support Files/Pods-DYZB/Pods-DYZB.debug.xcconfig"; sourceTree = "<group>"; };
/* End PBXFileReference section */

/* Begin PBXFrameworksBuildPhase section */
		6E8FF3DE1D9FBD3500AA96EB /* Frameworks */ = {
			isa = PBXFrameworksBuildPhase;
			buildActionMask = 2147483647;
			files = (
				086384C2862989AD76E4DED6 /* Pods_DYZB.framework in Frameworks */,
			);
			runOnlyForDeploymentPostprocessing = 0;
		};
/* End PBXFrameworksBuildPhase section */

/* Begin PBXGroup section */
		0806CBAB3FDA1C01B0AA1D09 /* Frameworks */ = {
			isa = PBXGroup;
			children = (
				15AFFA119A132A60C594E146 /* Pods_DYZB.framework */,
			);
			name = Frameworks;
			sourceTree = "<group>";
		};
		6AEE314A089CF10FC0DCA307 /* Pods */ = {
			isa = PBXGroup;
			children = (
				F07317E41867F0E8DA04F143 /* Pods-DYZB.debug.xcconfig */,
				78E4CECC3AA5711A8E699277 /* Pods-DYZB.release.xcconfig */,
			);
			name = Pods;
			sourceTree = "<group>";
		};
		6E8FF3D81D9FBD3500AA96EB = {
			isa = PBXGroup;
			children = (
				6E8FF3E31D9FBD3500AA96EB /* DYZB */,
				6E8FF3E21D9FBD3500AA96EB /* Products */,
				6AEE314A089CF10FC0DCA307 /* Pods */,
				0806CBAB3FDA1C01B0AA1D09 /* Frameworks */,
			);
			sourceTree = "<group>";
		};
		6E8FF3E21D9FBD3500AA96EB /* Products */ = {
			isa = PBXGroup;
			children = (
				6E8FF3E11D9FBD3500AA96EB /* DYZB.app */,
			);
			name = Products;
			sourceTree = "<group>";
		};
		6E8FF3E31D9FBD3500AA96EB /* DYZB */ = {
			isa = PBXGroup;
			children = (
				6EC743831D9FF917006501D6 /* Classes */,
				6E8FF3E41D9FBD3500AA96EB /* AppDelegate.swift */,
				6E8FF3EB1D9FBD3500AA96EB /* Assets.xcassets */,
				6E8FF3F01D9FBD3500AA96EB /* Info.plist */,
			);
			path = DYZB;
			sourceTree = "<group>";
		};
		6EA917661DA912EC0052D93E /* Controller */ = {
			isa = PBXGroup;
			children = (
				6EA917691DA913B30052D93E /* ZPHomeViewCtrl.swift */,
				6EA917671DA912EC0052D93E /* ZPRecommendVC.swift */,
			);
			path = Controller;
			sourceTree = "<group>";
		};
		6EC743831D9FF917006501D6 /* Classes */ = {
			isa = PBXGroup;
			children = (
				6EC743901D9FF917006501D6 /* Main */,
				6EC743881D9FF917006501D6 /* Home */,
				6EC7438C1D9FF917006501D6 /* Live */,
				6EC743841D9FF917006501D6 /* Follow */,
				6EC743941D9FF917006501D6 /* Profile */,
				6EC743981D9FF917006501D6 /* Tools */,
			);
			path = Classes;
			sourceTree = "<group>";
		};
		6EC743841D9FF917006501D6 /* Follow */ = {
			isa = PBXGroup;
			children = (
				6EC743851D9FF917006501D6 /* Controller */,
				6EC743861D9FF917006501D6 /* Model */,
				6EC743871D9FF917006501D6 /* View */,
			);
			path = Follow;
			sourceTree = "<group>";
		};
		6EC743851D9FF917006501D6 /* Controller */ = {
			isa = PBXGroup;
			children = (
				6E8EA64F1DA38E4C00FA523C /* ZPFollowViewCtrl.swift */,
			);
			path = Controller;
			sourceTree = "<group>";
		};
		6EC743861D9FF917006501D6 /* Model */ = {
			isa = PBXGroup;
			children = (
			);
			path = Model;
			sourceTree = "<group>";
		};
		6EC743871D9FF917006501D6 /* View */ = {
			isa = PBXGroup;
			children = (
			);
			path = View;
			sourceTree = "<group>";
		};
		6EC743881D9FF917006501D6 /* Home */ = {
			isa = PBXGroup;
			children = (
				6EC7438A1D9FF917006501D6 /* Model */,
				6EC7438B1D9FF917006501D6 /* View */,
				6EA917661DA912EC0052D93E /* Controller */,
			);
			path = Home;
			sourceTree = "<group>";
		};
		6EC7438A1D9FF917006501D6 /* Model */ = {
			isa = PBXGroup;
			children = (
			);
			path = Model;
			sourceTree = "<group>";
		};
		6EC7438B1D9FF917006501D6 /* View */ = {
			isa = PBXGroup;
			children = (
				6E2A0D891DA3FA8A00083099 /* ZPPageTitleView.swift */,
				6EC916FA1DA6A8D900F696A5 /* ZPPageView.swift */,
				6E8AF07E1DA93F6F00CE6C78 /* ZPCycleView.swift */,
				6E8AF0801DA9459900CE6C78 /* ZPGameView.swift */,
				6E0A801D1DAA5B9900F97354 /* ZPHeaderView.swift */,
				6E0A801E1DAA5B9900F97354 /* ZPHeaderView.xib */,
			);
			path = View;
			sourceTree = "<group>";
		};
		6EC7438C1D9FF917006501D6 /* Live */ = {
			isa = PBXGroup;
			children = (
				6EC7438D1D9FF917006501D6 /* Controller */,
				6EC7438E1D9FF917006501D6 /* Model */,
				6EC7438F1D9FF917006501D6 /* View */,
			);
			path = Live;
			sourceTree = "<group>";
		};
		6EC7438D1D9FF917006501D6 /* Controller */ = {
			isa = PBXGroup;
			children = (
				6E8EA64D1DA38E2B00FA523C /* ZPLiveViewCtrl.swift */,
			);
			path = Controller;
			sourceTree = "<group>";
		};
		6EC7438E1D9FF917006501D6 /* Model */ = {
			isa = PBXGroup;
			children = (
			);
			path = Model;
			sourceTree = "<group>";
		};
		6EC7438F1D9FF917006501D6 /* View */ = {
			isa = PBXGroup;
			children = (
			);
			path = View;
			sourceTree = "<group>";
		};
		6EC743901D9FF917006501D6 /* Main */ = {
			isa = PBXGroup;
			children = (
				6EC743921D9FF917006501D6 /* Model */,
				6EC743931D9FF917006501D6 /* View */,
				6EC743911D9FF917006501D6 /* Controller */,
			);
			path = Main;
			sourceTree = "<group>";
		};
		6EC743911D9FF917006501D6 /* Controller */ = {
			isa = PBXGroup;
			children = (
				6EC7439B1D9FFD03006501D6 /* ZPMainTabBarCtrl.swift */,
			);
			path = Controller;
			sourceTree = "<group>";
		};
		6EC743921D9FF917006501D6 /* Model */ = {
			isa = PBXGroup;
			children = (
			);
			path = Model;
			sourceTree = "<group>";
		};
		6EC743931D9FF917006501D6 /* View */ = {
			isa = PBXGroup;
			children = (
				6E0A80151DAA5B1A00F97354 /* ZPNormalCell.swift */,
				6E0A80161DAA5B1A00F97354 /* ZPNormalCell.xib */,
				6E0A80191DAA5B4100F97354 /* ZPPrettyCell.swift */,
				6E0A801A1DAA5B4100F97354 /* ZPPrettyCell.xib */,
			);
			path = View;
			sourceTree = "<group>";
		};
		6EC743941D9FF917006501D6 /* Profile */ = {
			isa = PBXGroup;
			children = (
				6EC743951D9FF917006501D6 /* Controller */,
				6EC743961D9FF917006501D6 /* Model */,
				6EC743971D9FF917006501D6 /* View */,
			);
			path = Profile;
			sourceTree = "<group>";
		};
		6EC743951D9FF917006501D6 /* Controller */ = {
			isa = PBXGroup;
			children = (
				6E8EA6511DA38E6400FA523C /* ZPProfileViewCtrl.swift */,
			);
			path = Controller;
			sourceTree = "<group>";
		};
		6EC743961D9FF917006501D6 /* Model */ = {
			isa = PBXGroup;
			children = (
			);
			path = Model;
			sourceTree = "<group>";
		};
		6EC743971D9FF917006501D6 /* View */ = {
			isa = PBXGroup;
			children = (
			);
			path = View;
			sourceTree = "<group>";
		};
		6EC743981D9FF917006501D6 /* Tools */ = {
			isa = PBXGroup;
			children = (
				6EC7439F1DA0002D006501D6 /* Extension */,
				6EC7439D1D9FFF84006501D6 /* ZPCommon.swift */,
				6E8AF07C1DA9295800CE6C78 /* ZPNetworkTool.swift */,
			);
			path = Tools;
			sourceTree = "<group>";
		};
		6EC7439F1DA0002D006501D6 /* Extension */ = {
			isa = PBXGroup;
			children = (
				6EC743A01DA0009C006501D6 /* UIView.swift */,
				6E2A0D851DA3D66F00083099 /* UIBarButtonItem.swift */,
				6E2A0D871DA3F54000083099 /* UIColor.swift */,
			);
			path = Extension;
			sourceTree = "<group>";
		};
/* End PBXGroup section */

/* Begin PBXNativeTarget section */
		6E8FF3E01D9FBD3500AA96EB /* DYZB */ = {
			isa = PBXNativeTarget;
			buildConfigurationList = 6E8FF3F31D9FBD3500AA96EB /* Build configuration list for PBXNativeTarget "DYZB" */;
			buildPhases = (
				4F557525CEE6E3F0D40F6FE6 /* [CP] Check Pods Manifest.lock */,
				6E8FF3DD1D9FBD3500AA96EB /* Sources */,
				6E8FF3DE1D9FBD3500AA96EB /* Frameworks */,
				6E8FF3DF1D9FBD3500AA96EB /* Resources */,
				3F96217510688815CA898575 /* [CP] Embed Pods Frameworks */,
				996FAE8FD5E7B5CD31A78AEF /* [CP] Copy Pods Resources */,
			);
			buildRules = (
			);
			dependencies = (
			);
			name = DYZB;
			productName = DYZB;
			productReference = 6E8FF3E11D9FBD3500AA96EB /* DYZB.app */;
			productType = "com.apple.product-type.application";
		};
/* End PBXNativeTarget section */

/* Begin PBXProject section */
		6E8FF3D91D9FBD3500AA96EB /* Project object */ = {
			isa = PBXProject;
			attributes = {
				LastSwiftUpdateCheck = 0800;
				LastUpgradeCheck = 0800;
				ORGANIZATIONNAME = "张鹏";
				TargetAttributes = {
					6E8FF3E01D9FBD3500AA96EB = {
						CreatedOnToolsVersion = 8.0;
						DevelopmentTeam = 8R458KGEBG;
						ProvisioningStyle = Automatic;
					};
				};
			};
			buildConfigurationList = 6E8FF3DC1D9FBD3500AA96EB /* Build configuration list for PBXProject "DYZB" */;
			compatibilityVersion = "Xcode 3.2";
			developmentRegion = English;
			hasScannedForEncodings = 0;
			knownRegions = (
				en,
				Base,
			);
			mainGroup = 6E8FF3D81D9FBD3500AA96EB;
			productRefGroup = 6E8FF3E21D9FBD3500AA96EB /* Products */;
			projectDirPath = "";
			projectRoot = "";
			targets = (
				6E8FF3E01D9FBD3500AA96EB /* DYZB */,
			);
		};
/* End PBXProject section */

/* Begin PBXResourcesBuildPhase section */
		6E8FF3DF1D9FBD3500AA96EB /* Resources */ = {
			isa = PBXResourcesBuildPhase;
			buildActionMask = 2147483647;
			files = (
				6E0A80181DAA5B1A00F97354 /* ZPNormalCell.xib in Resources */,
				6E0A801C1DAA5B4100F97354 /* ZPPrettyCell.xib in Resources */,
				6E8FF3EC1D9FBD3500AA96EB /* Assets.xcassets in Resources */,
				6E0A80201DAA5B9900F97354 /* ZPHeaderView.xib in Resources */,
			);
			runOnlyForDeploymentPostprocessing = 0;
		};
/* End PBXResourcesBuildPhase section */

/* Begin PBXShellScriptBuildPhase section */
		3F96217510688815CA898575 /* [CP] Embed Pods Frameworks */ = {
			isa = PBXShellScriptBuildPhase;
			buildActionMask = 2147483647;
			files = (
			);
			inputPaths = (
			);
			name = "[CP] Embed Pods Frameworks";
			outputPaths = (
			);
			runOnlyForDeploymentPostprocessing = 0;
			shellPath = /bin/sh;
			shellScript = "\"${SRCROOT}/Pods/Target Support Files/Pods-DYZB/Pods-DYZB-frameworks.sh\"\n";
			showEnvVarsInLog = 0;
		};
		4F557525CEE6E3F0D40F6FE6 /* [CP] Check Pods Manifest.lock */ = {
			isa = PBXShellScriptBuildPhase;
			buildActionMask = 2147483647;
			files = (
			);
			inputPaths = (
			);
			name = "[CP] Check Pods Manifest.lock";
			outputPaths = (
			);
			runOnlyForDeploymentPostprocessing = 0;
			shellPath = /bin/sh;
			shellScript = "diff \"${PODS_ROOT}/../Podfile.lock\" \"${PODS_ROOT}/Manifest.lock\" > /dev/null\nif [[ $? != 0 ]] ; then\n    cat << EOM\nerror: The sandbox is not in sync with the Podfile.lock. Run 'pod install' or update your CocoaPods installation.\nEOM\n    exit 1\nfi\n";
			showEnvVarsInLog = 0;
		};
		996FAE8FD5E7B5CD31A78AEF /* [CP] Copy Pods Resources */ = {
			isa = PBXShellScriptBuildPhase;
			buildActionMask = 2147483647;
			files = (
			);
			inputPaths = (
			);
			name = "[CP] Copy Pods Resources";
			outputPaths = (
			);
			runOnlyForDeploymentPostprocessing = 0;
			shellPath = /bin/sh;
			shellScript = "\"${SRCROOT}/Pods/Target Support Files/Pods-DYZB/Pods-DYZB-resources.sh\"\n";
			showEnvVarsInLog = 0;
		};
/* End PBXShellScriptBuildPhase section */

/* Begin PBXSourcesBuildPhase section */
		6E8FF3DD1D9FBD3500AA96EB /* Sources */ = {
			isa = PBXSourcesBuildPhase;
			buildActionMask = 2147483647;
			files = (
				6E2A0D861DA3D66F00083099 /* UIBarButtonItem.swift in Sources */,
				6E0A801F1DAA5B9900F97354 /* ZPHeaderView.swift in Sources */,
				6E0A80171DAA5B1A00F97354 /* ZPNormalCell.swift in Sources */,
				6EA9176A1DA913B30052D93E /* ZPHomeViewCtrl.swift in Sources */,
				6EC743A11DA0009C006501D6 /* UIView.swift in Sources */,
				6E8AF07F1DA93F6F00CE6C78 /* ZPCycleView.swift in Sources */,
				6EC7439E1D9FFF84006501D6 /* ZPCommon.swift in Sources */,
				6E8EA64E1DA38E2B00FA523C /* ZPLiveViewCtrl.swift in Sources */,
				6E8EA6501DA38E4C00FA523C /* ZPFollowViewCtrl.swift in Sources */,
				6E8AF07D1DA9295800CE6C78 /* ZPNetworkTool.swift in Sources */,
				6E0A801B1DAA5B4100F97354 /* ZPPrettyCell.swift in Sources */,
				6E8EA6521DA38E6400FA523C /* ZPProfileViewCtrl.swift in Sources */,
				6E8FF3E51D9FBD3500AA96EB /* AppDelegate.swift in Sources */,
				6E8AF0811DA9459900CE6C78 /* ZPGameView.swift in Sources */,
				6EA917681DA912EC0052D93E /* ZPRecommendVC.swift in Sources */,
				6EC7439C1D9FFD03006501D6 /* ZPMainTabBarCtrl.swift in Sources */,
				6EC916FB1DA6A8D900F696A5 /* ZPPageView.swift in Sources */,
				6E2A0D881DA3F54000083099 /* UIColor.swift in Sources */,
				6E2A0D8A1DA3FA8A00083099 /* ZPPageTitleView.swift in Sources */,
			);
			runOnlyForDeploymentPostprocessing = 0;
		};
/* End PBXSourcesBuildPhase section */

/* Begin XCBuildConfiguration section */
		6E8FF3F11D9FBD3500AA96EB /* Debug */ = {
			isa = XCBuildConfiguration;
			buildSettings = {
				ALWAYS_SEARCH_USER_PATHS = NO;
				CLANG_ANALYZER_NONNULL = YES;
				CLANG_CXX_LANGUAGE_STANDARD = "gnu++0x";
				CLANG_CXX_LIBRARY = "libc++";
				CLANG_ENABLE_MODULES = YES;
				CLANG_ENABLE_OBJC_ARC = YES;
				CLANG_WARN_BOOL_CONVERSION = YES;
				CLANG_WARN_CONSTANT_CONVERSION = YES;
				CLANG_WARN_DIRECT_OBJC_ISA_USAGE = YES_ERROR;
				CLANG_WARN_DOCUMENTATION_COMMENTS = YES;
				CLANG_WARN_EMPTY_BODY = YES;
				CLANG_WARN_ENUM_CONVERSION = YES;
				CLANG_WARN_INFINITE_RECURSION = YES;
				CLANG_WARN_INT_CONVERSION = YES;
				CLANG_WARN_OBJC_ROOT_CLASS = YES_ERROR;
				CLANG_WARN_SUSPICIOUS_MOVES = YES;
				CLANG_WARN_UNREACHABLE_CODE = YES;
				CLANG_WARN__DUPLICATE_METHOD_MATCH = YES;
				"CODE_SIGN_IDENTITY[sdk=iphoneos*]" = "iPhone Developer";
				COPY_PHASE_STRIP = NO;
				DEBUG_INFORMATION_FORMAT = dwarf;
				ENABLE_STRICT_OBJC_MSGSEND = YES;
				ENABLE_TESTABILITY = YES;
				GCC_C_LANGUAGE_STANDARD = gnu99;
				GCC_DYNAMIC_NO_PIC = NO;
				GCC_NO_COMMON_BLOCKS = YES;
				GCC_OPTIMIZATION_LEVEL = 0;
				GCC_PREPROCESSOR_DEFINITIONS = (
					"DEBUG=1",
					"$(inherited)",
				);
				GCC_WARN_64_TO_32_BIT_CONVERSION = YES;
				GCC_WARN_ABOUT_RETURN_TYPE = YES_ERROR;
				GCC_WARN_UNDECLARED_SELECTOR = YES;
				GCC_WARN_UNINITIALIZED_AUTOS = YES_AGGRESSIVE;
				GCC_WARN_UNUSED_FUNCTION = YES;
				GCC_WARN_UNUSED_VARIABLE = YES;
				IPHONEOS_DEPLOYMENT_TARGET = 10.0;
				MTL_ENABLE_DEBUG_INFO = YES;
				ONLY_ACTIVE_ARCH = YES;
				SDKROOT = iphoneos;
				SWIFT_ACTIVE_COMPILATION_CONDITIONS = DEBUG;
				SWIFT_OPTIMIZATION_LEVEL = "-Onone";
			};
			name = Debug;
		};
		6E8FF3F21D9FBD3500AA96EB /* Release */ = {
			isa = XCBuildConfiguration;
			buildSettings = {
				ALWAYS_SEARCH_USER_PATHS = NO;
				CLANG_ANALYZER_NONNULL = YES;
				CLANG_CXX_LANGUAGE_STANDARD = "gnu++0x";
				CLANG_CXX_LIBRARY = "libc++";
				CLANG_ENABLE_MODULES = YES;
				CLANG_ENABLE_OBJC_ARC = YES;
				CLANG_WARN_BOOL_CONVERSION = YES;
				CLANG_WARN_CONSTANT_CONVERSION = YES;
				CLANG_WARN_DIRECT_OBJC_ISA_USAGE = YES_ERROR;
				CLANG_WARN_DOCUMENTATION_COMMENTS = YES;
				CLANG_WARN_EMPTY_BODY = YES;
				CLANG_WARN_ENUM_CONVERSION = YES;
				CLANG_WARN_INFINITE_RECURSION = YES;
				CLANG_WARN_INT_CONVERSION = YES;
				CLANG_WARN_OBJC_ROOT_CLASS = YES_ERROR;
				CLANG_WARN_SUSPICIOUS_MOVES = YES;
				CLANG_WARN_UNREACHABLE_CODE = YES;
				CLANG_WARN__DUPLICATE_METHOD_MATCH = YES;
				"CODE_SIGN_IDENTITY[sdk=iphoneos*]" = "iPhone Developer";
				COPY_PHASE_STRIP = NO;
				DEBUG_INFORMATION_FORMAT = "dwarf-with-dsym";
				ENABLE_NS_ASSERTIONS = NO;
				ENABLE_STRICT_OBJC_MSGSEND = YES;
				GCC_C_LANGUAGE_STANDARD = gnu99;
				GCC_NO_COMMON_BLOCKS = YES;
				GCC_WARN_64_TO_32_BIT_CONVERSION = YES;
				GCC_WARN_ABOUT_RETURN_TYPE = YES_ERROR;
				GCC_WARN_UNDECLARED_SELECTOR = YES;
				GCC_WARN_UNINITIALIZED_AUTOS = YES_AGGRESSIVE;
				GCC_WARN_UNUSED_FUNCTION = YES;
				GCC_WARN_UNUSED_VARIABLE = YES;
				IPHONEOS_DEPLOYMENT_TARGET = 10.0;
				MTL_ENABLE_DEBUG_INFO = NO;
				SDKROOT = iphoneos;
				SWIFT_OPTIMIZATION_LEVEL = "-Owholemodule";
				VALIDATE_PRODUCT = YES;
			};
			name = Release;
		};
		6E8FF3F41D9FBD3500AA96EB /* Debug */ = {
			isa = XCBuildConfiguration;
			baseConfigurationReference = F07317E41867F0E8DA04F143 /* Pods-DYZB.debug.xcconfig */;
			buildSettings = {
				ASSETCATALOG_COMPILER_APPICON_NAME = AppIcon;
				ASSETCATALOG_COMPILER_LAUNCHIMAGE_NAME = LaunchImage;
				DEVELOPMENT_TEAM = 8R458KGEBG;
				INFOPLIST_FILE = DYZB/Info.plist;
				IPHONEOS_DEPLOYMENT_TARGET = 9.0;
				LD_RUNPATH_SEARCH_PATHS = "$(inherited) @executable_path/Frameworks";
				PRODUCT_BUNDLE_IDENTIFIER = com.520it.zp.DYZB;
				PRODUCT_NAME = "$(TARGET_NAME)";
				SWIFT_VERSION = 3.0;
			};
			name = Debug;
		};
		6E8FF3F51D9FBD3500AA96EB /* Release */ = {
			isa = XCBuildConfiguration;
			baseConfigurationReference = 78E4CECC3AA5711A8E699277 /* Pods-DYZB.release.xcconfig */;
			buildSettings = {
				ASSETCATALOG_COMPILER_APPICON_NAME = AppIcon;
				ASSETCATALOG_COMPILER_LAUNCHIMAGE_NAME = LaunchImage;
				DEVELOPMENT_TEAM = 8R458KGEBG;
				INFOPLIST_FILE = DYZB/Info.plist;
				IPHONEOS_DEPLOYMENT_TARGET = 9.0;
				LD_RUNPATH_SEARCH_PATHS = "$(inherited) @executable_path/Frameworks";
				PRODUCT_BUNDLE_IDENTIFIER = com.520it.zp.DYZB;
				PRODUCT_NAME = "$(TARGET_NAME)";
				SWIFT_VERSION = 3.0;
			};
			name = Release;
		};
/* End XCBuildConfiguration section */

/* Begin XCConfigurationList section */
		6E8FF3DC1D9FBD3500AA96EB /* Build configuration list for PBXProject "DYZB" */ = {
			isa = XCConfigurationList;
			buildConfigurations = (
				6E8FF3F11D9FBD3500AA96EB /* Debug */,
				6E8FF3F21D9FBD3500AA96EB /* Release */,
			);
			defaultConfigurationIsVisible = 0;
			defaultConfigurationName = Release;
		};
		6E8FF3F31D9FBD3500AA96EB /* Build configuration list for PBXNativeTarget "DYZB" */ = {
			isa = XCConfigurationList;
			buildConfigurations = (
				6E8FF3F41D9FBD3500AA96EB /* Debug */,
				6E8FF3F51D9FBD3500AA96EB /* Release */,
			);
			defaultConfigurationIsVisible = 0;
			defaultConfigurationName = Release;
		};
/* End XCConfigurationList section */
	};
	rootObject = 6E8FF3D91D9FBD3500AA96EB /* Project object */;
}
